{
  "nodes": {
    "flake-compat": {
      "flake": false,
      "locked": {
        "lastModified": 1733328505,
        "narHash": "sha256-NeCCThCEP3eCl2l/+27kNNK7QrwZB1IJCrXfrbv5oqU=",
        "owner": "edolstra",
        "repo": "flake-compat",
        "rev": "ff81ac966bb2cae68946d5ed5fc4994f96d0ffec",
        "type": "github"
      },
      "original": {
        "owner": "edolstra",
        "repo": "flake-compat",
        "type": "github"
      }
    },
    "fwFanCtrl": {
      "inputs": {
        "flake-compat": "flake-compat",
        "nixpkgs": [
          "nixpkgs"
        ]
      },
      "locked": {
        "lastModified": 1743661097,
        "narHash": "sha256-ZSx9BdbW+/4k3Pmecl7ZhpHXnpreuAgYxrRaJC8VmuU=",
        "owner": "TamtamHero",
        "repo": "fw-fanctrl",
        "rev": "473575cd1753cb4ec429ea085975e48d32970894",
        "type": "github"
      },
      "original": {
        "owner": "TamtamHero",
        "ref": "packaging/nix",
        "repo": "fw-fanctrl",
        "type": "github"
      }
    },
    "nixosHardware": {
      "locked": {
        "lastModified": 1751432711,
        "narHash": "sha256-136MeWtckSHTN9Z2WRNRdZ8oRP3vyx3L8UxeBYE+J9w=",
        "owner": "NixOS",
        "repo": "nixos-hardware",
        "rev": "497ae1357f1ac97f1aea31a4cb74ad0d534ef41f",
        "type": "github"
      },
      "original": {
        "owner": "NixOS",
        "ref": "master",
        "repo": "nixos-hardware",
        "type": "github"
      }
    },
    "nixpkgs": {
      "locked": {
        "lastModified": 1751479989,
        "narHash": "sha256-M5KgdpVBVcW4HRVq9/OSRbrxlwsQ1ogEKqnvzsClDqU=",
        "owner": "NixOS",
        "repo": "nixpkgs",
        "rev": "34627c90f062da515ea358360f448da57769236e",
        "type": "github"
      },
      "original": {
        "owner": "NixOS",
        "ref": "nixos-25.05",
        "repo": "nixpkgs",
        "type": "github"
      }
    },
    "nixpkgsLocal": {
      "locked": {
        "lastModified": 1749334733,
        "narHash": "sha256-ZPaGLhZ2mUf3nKxhAe+nHJqSowotCl7GxJmZFzG2ZDE=",
        "path": "/home/jryans/Projects/Nix/nixpkgs",
        "type": "path"
      },
      "original": {
        "path": "/home/jryans/Projects/Nix/nixpkgs",
        "type": "path"
      }
    },
    "root": {
      "inputs": {
        "fwFanCtrl": "fwFanCtrl",
        "nixosHardware": "nixosHardware",
        "nixpkgs": "nixpkgs",
        "nixpkgsLocal": "nixpkgsLocal"
      }
    }
  },
  "root": "root",
  "version": 7
}
