{
  "nodes": {
    "nixosHardware": {
      "locked": {
        "lastModified": 1777917524,
        "narHash": "sha256-k+LVe9YaO2BEPB9AaCtTtOMCeGi4dxDo6gt4Un3qoPY=",
        "owner": "NixOS",
        "repo": "nixos-hardware",
        "rev": "df7783100babf59001340a7a874ba3824e441ecb",
        "type": "github"
      },
      "original": {
        "owner": "NixOS",
        "ref": "master",
        "repo": "nixos-hardware",
        "type": "github"
      }
    },
    "nixpkgs": {
      "locked": {
        "lastModified": 1778003029,
        "narHash": "sha256-q/nkKLDtHIyLjZpKhWk3cSK5IYsFqtMd6UtXF3ddjgA=",
        "owner": "NixOS",
        "repo": "nixpkgs",
        "rev": "0c88e1f2bdb93d5999019e99cb0e61e1fe2af4c5",
        "type": "github"
      },
      "original": {
        "owner": "NixOS",
        "ref": "nixos-25.11",
        "repo": "nixpkgs",
        "type": "github"
      }
    },
    "nixpkgsLocal": {
      "locked": {
        "lastModified": 1778104467,
        "narHash": "sha256-FxgeQiNjuy6J8hcI9YotCsuKOde6tboHxUtCUAypEPw=",
        "ref": "refs/heads/master",
        "rev": "458b7eee13b742d1267bce1a4432bde6a45b470a",
        "revCount": 993423,
        "type": "git",
        "url": "file:///home/jryans/Projects/Nix/nixpkgs"
      },
      "original": {
        "type": "git",
        "url": "file:///home/jryans/Projects/Nix/nixpkgs"
      }
    },
    "root": {
      "inputs": {
        "nixosHardware": "nixosHardware",
        "nixpkgs": "nixpkgs",
        "nixpkgsLocal": "nixpkgsLocal"
      }
    }
  },
  "root": "root",
  "version": 7
}
